// !$*UTF8*$!
{
	archiveVersion = 1;
	classes = {
	};
	objectVersion = 77;
	objects = {

/* Begin PBXBuildFile section */
		18060AF52DC08126006013B9 /* PGBoardController.m in Sources */ = {isa = PBXBuildFile; fileRef = 18060ACD2DC08126006013B9 /* PGBoardController.m */; };
		18060AF62DC08126006013B9 /* PGHostListController.m in Sources */ = {isa = PBXBuildFile; fileRef = 18060ACF2DC08126006013B9 /* PGHostListController.m */; };
		18060AF72DC08126006013B9 /* PGMenuController.m in Sources */ = {isa = PBXBuildFile; fileRef = 18060AD12DC08126006013B9 /* PGMenuController.m */; };
		18060AF82DC08126006013B9 /* PGSettingsViewController.m in Sources */ = {isa = PBXBuildFile; fileRef = 18060AD32DC08126006013B9 /* PGSettingsViewController.m */; };
		18060AF92DC08126006013B9 /* PGBoard.m in Sources */ = {isa = PBXBuildFile; fileRef = 18060AD62DC08126006013B9 /* PGBoard.m */; };
		18060AFA2DC08126006013B9 /* PGGreedyAI.m in Sources */ = {isa = PBXBuildFile; fileRef = 18060AD82DC08126006013B9 /* PGGreedyAI.m */; };
		18060AFB2DC08126006013B9 /* PGMinimaxAI.m in Sources */ = {isa = PBXBuildFile; fileRef = 18060ADA2DC08126006013B9 /* PGMinimaxAI.m */; };
		18060AFC2DC08126006013B9 /* PGMove.m in Sources */ = {isa = PBXBuildFile; fileRef = 18060ADC2DC08126006013B9 /* PGMove.m */; };
		18060AFD2DC08126006013B9 /* PGPacket.m in Sources */ = {isa = PBXBuildFile; fileRef = 18060ADE2DC08126006013B9 /* PGPacket.m */; };
		18060AFE2DC08126006013B9 /* PGPlayer.m in Sources */ = {isa = PBXBuildFile; fileRef = 18060AE02DC08126006013B9 /* PGPlayer.m */; };
		18060AFF2DC08126006013B9 /* PGBoardView.m in Sources */ = {isa = PBXBuildFile; fileRef = 18060AE32DC08126006013B9 /* PGBoardView.m */; };
		18060B002DC08126006013B9 /* AppDelegate.m in Sources */ = {isa = PBXBuildFile; fileRef = 18060AE62DC08126006013B9 /* AppDelegate.m */; };
		18060B012DC08126006013B9 /* IconViewController.m in Sources */ = {isa = PBXBuildFile; fileRef = 18060AE92DC08126006013B9 /* IconViewController.m */; };
		18060B022DC08126006013B9 /* LoginViewController.m in Sources */ = {isa = PBXBuildFile; fileRef = 18060AEE2DC08126006013B9 /* LoginViewController.m */; };
		18060B032DC08126006013B9 /* main.m in Sources */ = {isa = PBXBuildFile; fileRef = 18060AEF2DC08126006013B9 /* main.m */; };
		18060B042DC08126006013B9 /* SceneDelegate.m in Sources */ = {isa = PBXBuildFile; fileRef = 18060AF32DC08126006013B9 /* SceneDelegate.m */; };
		18060B052DC08126006013B9 /* Assets.xcassets in Resources */ = {isa = PBXBuildFile; fileRef = 18060AE72DC08126006013B9 /* Assets.xcassets */; };
		18060B072DC08126006013B9 /* LaunchScreen.storyboard in Resources */ = {isa = PBXBuildFile; fileRef = 18060AEC2DC08126006013B9 /* LaunchScreen.storyboard */; };
		18060B082DC08126006013B9 /* Main.storyboard in Resources */ = {isa = PBXBuildFile; fileRef = 18060AF12DC08126006013B9 /* Main.storyboard */; };
		18060B0D2DC0812D006013B9 /* music.mp3 in Resources */ = {isa = PBXBuildFile; fileRef = 18060B0A2DC0812D006013B9 /* music.mp3 */; };
		18060B0E2DC0812D006013B9 /* move.wav in Resources */ = {isa = PBXBuildFile; fileRef = 18060B092DC0812D006013B9 /* move.wav */; };
		1B5737FF1FB7B56786A64ECF /* Pods_Pente_GoTests.framework in Frameworks */ = {isa = PBXBuildFile; fileRef = AB82DA98F9F99589975182C5 /* Pods_Pente_GoTests.framework */; };
		9A38C37592891528D4038F12 /* Pods_Pente_Go.framework in Frameworks */ = {isa = PBXBuildFile; fileRef = 7D9C42BBBDE97D26F03D92E4 /* Pods_Pente_Go.framework */; };
		C979FFA03AACB0CCADA3B8E6 /* Pods_Pente_Go_Pente_GoUITests.framework in Frameworks */ = {isa = PBXBuildFile; fileRef = B3D9970F54A95D1EE1CA8BEC /* Pods_Pente_Go_Pente_GoUITests.framework */; };
/* End PBXBuildFile section */

/* Begin PBXContainerItemProxy section */
		44C4FE3F2DB26193003181FB /* PBXContainerItemProxy */ = {
			isa = PBXContainerItemProxy;
			containerPortal = 44C4FE1B2DB26192003181FB /* Project object */;
			proxyType = 1;
			remoteGlobalIDString = 44C4FE222DB26192003181FB;
			remoteInfo = "Pente Go";
		};
		44C4FE492DB26193003181FB /* PBXContainerItemProxy */ = {
			isa = PBXContainerItemProxy;
			containerPortal = 44C4FE1B2DB26192003181FB /* Project object */;
			proxyType = 1;
			remoteGlobalIDString = 44C4FE222DB26192003181FB;
			remoteInfo = "Pente Go";
		};
/* End PBXContainerItemProxy section */

/* Begin PBXFileReference section */
		0D0B576EB48BE46E82B28D7A /* Pods-Pente GoTests.release.xcconfig */ = {isa = PBXFileReference; includeInIndex = 1; lastKnownFileType = text.xcconfig; name = "Pods-Pente GoTests.release.xcconfig"; path = "Target Support Files/Pods-Pente GoTests/Pods-Pente GoTests.release.xcconfig"; sourceTree = "<group>"; };
		18060ACC2DC08126006013B9 /* PGBoardController.h */ = {isa = PBXFileReference; lastKnownFileType = sourcecode.c.h; path = PGBoardController.h; sourceTree = "<group>"; };
		18060ACD2DC08126006013B9 /* PGBoardController.m */ = {isa = PBXFileReference; lastKnownFileType = sourcecode.c.objc; path = PGBoardController.m; sourceTree = "<group>"; };
		18060ACE2DC08126006013B9 /* PGHostListController.h */ = {isa = PBXFileReference; lastKnownFileType = sourcecode.c.h; path = PGHostListController.h; sourceTree = "<group>"; };
		18060ACF2DC08126006013B9 /* PGHostListController.m */ = {isa = PBXFileReference; lastKnownFileType = sourcecode.c.objc; path = PGHostListController.m; sourceTree = "<group>"; };
		18060AD02DC08126006013B9 /* PGMenuController.h */ = {isa = PBXFileReference; lastKnownFileType = sourcecode.c.h; path = PGMenuController.h; sourceTree = "<group>"; };
		18060AD12DC08126006013B9 /* PGMenuController.m */ = {isa = PBXFileReference; lastKnownFileType = sourcecode.c.objc; path = PGMenuController.m; sourceTree = "<group>"; };
		18060AD22DC08126006013B9 /* PGSettingsViewController.h */ = {isa = PBXFileReference; lastKnownFileType = sourcecode.c.h; path = PGSettingsViewController.h; sourceTree = "<group>"; };
		18060AD32DC08126006013B9 /* PGSettingsViewController.m */ = {isa = PBXFileReference; lastKnownFileType = sourcecode.c.objc; path = PGSettingsViewController.m; sourceTree = "<group>"; };
		18060AD52DC08126006013B9 /* PGBoard.h */ = {isa = PBXFileReference; lastKnownFileType = sourcecode.c.h; path = PGBoard.h; sourceTree = "<group>"; };
		18060AD62DC08126006013B9 /* PGBoard.m */ = {isa = PBXFileReference; lastKnownFileType = sourcecode.c.objc; path = PGBoard.m; sourceTree = "<group>"; };
		18060AD72DC08126006013B9 /* PGGreedyAI.h */ = {isa = PBXFileReference; lastKnownFileType = sourcecode.c.h; path = PGGreedyAI.h; sourceTree = "<group>"; };
		18060AD82DC08126006013B9 /* PGGreedyAI.m */ = {isa = PBXFileReference; lastKnownFileType = sourcecode.c.objc; path = PGGreedyAI.m; sourceTree = "<group>"; };
		18060AD92DC08126006013B9 /* PGMinimaxAI.h */ = {isa = PBXFileReference; lastKnownFileType = sourcecode.c.h; path = PGMinimaxAI.h; sourceTree = "<group>"; };
		18060ADA2DC08126006013B9 /* PGMinimaxAI.m */ = {isa = PBXFileReference; lastKnownFileType = sourcecode.c.objc; path = PGMinimaxAI.m; sourceTree = "<group>"; };
		18060ADB2DC08126006013B9 /* PGMove.h */ = {isa = PBXFileReference; lastKnownFileType = sourcecode.c.h; path = PGMove.h; sourceTree = "<group>"; };
		18060ADC2DC08126006013B9 /* PGMove.m */ = {isa = PBXFileReference; lastKnownFileType = sourcecode.c.objc; path = PGMove.m; sourceTree = "<group>"; };
		18060ADD2DC08126006013B9 /* PGPacket.h */ = {isa = PBXFileReference; lastKnownFileType = sourcecode.c.h; path = PGPacket.h; sourceTree = "<group>"; };
		18060ADE2DC08126006013B9 /* PGPacket.m */ = {isa = PBXFileReference; lastKnownFileType = sourcecode.c.objc; path = PGPacket.m; sourceTree = "<group>"; };
		18060ADF2DC08126006013B9 /* PGPlayer.h */ = {isa = PBXFileReference; lastKnownFileType = sourcecode.c.h; path = PGPlayer.h; sourceTree = "<group>"; };
		18060AE02DC08126006013B9 /* PGPlayer.m */ = {isa = PBXFileReference; lastKnownFileType = sourcecode.c.objc; path = PGPlayer.m; sourceTree = "<group>"; };
		18060AE22DC08126006013B9 /* PGBoardView.h */ = {isa = PBXFileReference; lastKnownFileType = sourcecode.c.h; path = PGBoardView.h; sourceTree = "<group>"; };
		18060AE32DC08126006013B9 /* PGBoardView.m */ = {isa = PBXFileReference; lastKnownFileType = sourcecode.c.objc; path = PGBoardView.m; sourceTree = "<group>"; };
		18060AE52DC08126006013B9 /* AppDelegate.h */ = {isa = PBXFileReference; lastKnownFileType = sourcecode.c.h; path = AppDelegate.h; sourceTree = "<group>"; };
		18060AE62DC08126006013B9 /* AppDelegate.m */ = {isa = PBXFileReference; lastKnownFileType = sourcecode.c.objc; path = AppDelegate.m; sourceTree = "<group>"; };
		18060AE72DC08126006013B9 /* Assets.xcassets */ = {isa = PBXFileReference; lastKnownFileType = folder.assetcatalog; path = Assets.xcassets; sourceTree = "<group>"; };
		18060AE82DC08126006013B9 /* IconViewController.h */ = {isa = PBXFileReference; lastKnownFileType = sourcecode.c.h; path = IconViewController.h; sourceTree = "<group>"; };
		18060AE92DC08126006013B9 /* IconViewController.m */ = {isa = PBXFileReference; lastKnownFileType = sourcecode.c.objc; path = IconViewController.m; sourceTree = "<group>"; };
		18060AEA2DC08126006013B9 /* Info.plist */ = {isa = PBXFileReference; lastKnownFileType = text.plist.xml; path = Info.plist; sourceTree = "<group>"; };
		18060AEB2DC08126006013B9 /* Base */ = {isa = PBXFileReference; lastKnownFileType = file.storyboard; name = Base; path = Base.lproj/LaunchScreen.storyboard; sourceTree = "<group>"; };
		18060AED2DC08126006013B9 /* LoginViewController.h */ = {isa = PBXFileReference; lastKnownFileType = sourcecode.c.h; path = LoginViewController.h; sourceTree = "<group>"; };
		18060AEE2DC08126006013B9 /* LoginViewController.m */ = {isa = PBXFileReference; lastKnownFileType = sourcecode.c.objc; path = LoginViewController.m; sourceTree = "<group>"; };
		18060AEF2DC08126006013B9 /* main.m */ = {isa = PBXFileReference; lastKnownFileType = sourcecode.c.objc; path = main.m; sourceTree = "<group>"; };
		18060AF02DC08126006013B9 /* Base */ = {isa = PBXFileReference; lastKnownFileType = file.storyboard; name = Base; path = Base.lproj/Main.storyboard; sourceTree = "<group>"; };
		18060AF22DC08126006013B9 /* SceneDelegate.h */ = {isa = PBXFileReference; lastKnownFileType = sourcecode.c.h; path = SceneDelegate.h; sourceTree = "<group>"; };
		18060AF32DC08126006013B9 /* SceneDelegate.m */ = {isa = PBXFileReference; lastKnownFileType = sourcecode.c.objc; path = SceneDelegate.m; sourceTree = "<group>"; };
		18060B092DC0812D006013B9 /* move.wav */ = {isa = PBXFileReference; lastKnownFileType = audio.wav; path = move.wav; sourceTree = "<group>"; };
		18060B0A2DC0812D006013B9 /* music.mp3 */ = {isa = PBXFileReference; lastKnownFileType = audio.mp3; path = music.mp3; sourceTree = "<group>"; };
		1CE6B7AB3FF36AA04FE35430 /* Pods-Pente Go.release.xcconfig */ = {isa = PBXFileReference; includeInIndex = 1; lastKnownFileType = text.xcconfig; name = "Pods-Pente Go.release.xcconfig"; path = "Target Support Files/Pods-Pente Go/Pods-Pente Go.release.xcconfig"; sourceTree = "<group>"; };
		3151E98F1193E189847E693F /* Pods-Pente Go-Pente GoUITests.debug.xcconfig */ = {isa = PBXFileReference; includeInIndex = 1; lastKnownFileType = text.xcconfig; name = "Pods-Pente Go-Pente GoUITests.debug.xcconfig"; path = "Target Support Files/Pods-Pente Go-Pente GoUITests/Pods-Pente Go-Pente GoUITests.debug.xcconfig"; sourceTree = "<group>"; };
		35B8F1CFABE5A9CA19E9CA07 /* Pods-Pente Go-Pente GoUITests.release.xcconfig */ = {isa = PBXFileReference; includeInIndex = 1; lastKnownFileType = text.xcconfig; name = "Pods-Pente Go-Pente GoUITests.release.xcconfig"; path = "Target Support Files/Pods-Pente Go-Pente GoUITests/Pods-Pente Go-Pente GoUITests.release.xcconfig"; sourceTree = "<group>"; };
		44C4FE232DB26192003181FB /* Pente Go.app */ = {isa = PBXFileReference; explicitFileType = wrapper.application; includeInIndex = 0; path = "Pente Go.app"; sourceTree = BUILT_PRODUCTS_DIR; };
		44C4FE3E2DB26193003181FB /* Pente GoTests.xctest */ = {isa = PBXFileReference; explicitFileType = wrapper.cfbundle; includeInIndex = 0; path = "Pente GoTests.xctest"; sourceTree = BUILT_PRODUCTS_DIR; };
		44C4FE482DB26193003181FB /* Pente GoUITests.xctest */ = {isa = PBXFileReference; explicitFileType = wrapper.cfbundle; includeInIndex = 0; path = "Pente GoUITests.xctest"; sourceTree = BUILT_PRODUCTS_DIR; };
		783218D35B936B94B6F134D7 /* Pods-Pente GoTests.debug.xcconfig */ = {isa = PBXFileReference; includeInIndex = 1; lastKnownFileType = text.xcconfig; name = "Pods-Pente GoTests.debug.xcconfig"; path = "Target Support Files/Pods-Pente GoTests/Pods-Pente GoTests.debug.xcconfig"; sourceTree = "<group>"; };
		7D9C42BBBDE97D26F03D92E4 /* Pods_Pente_Go.framework */ = {isa = PBXFileReference; explicitFileType = wrapper.framework; includeInIndex = 0; path = Pods_Pente_Go.framework; sourceTree = BUILT_PRODUCTS_DIR; };
		9AB3D20ACE40673B7E7DE768 /* Pods-Pente Go.debug.xcconfig */ = {isa = PBXFileReference; includeInIndex = 1; lastKnownFileType = text.xcconfig; name = "Pods-Pente Go.debug.xcconfig"; path = "Target Support Files/Pods-Pente Go/Pods-Pente Go.debug.xcconfig"; sourceTree = "<group>"; };
		AB82DA98F9F99589975182C5 /* Pods_Pente_GoTests.framework */ = {isa = PBXFileReference; explicitFileType = wrapper.framework; includeInIndex = 0; path = Pods_Pente_GoTests.framework; sourceTree = BUILT_PRODUCTS_DIR; };
		B3D9970F54A95D1EE1CA8BEC /* Pods_Pente_Go_Pente_GoUITests.framework */ = {isa = PBXFileReference; explicitFileType = wrapper.framework; includeInIndex = 0; path = Pods_Pente_Go_Pente_GoUITests.framework; sourceTree = BUILT_PRODUCTS_DIR; };
/* End PBXFileReference section */

/* Begin PBXFileSystemSynchronizedRootGroup section */
		44C4FE412DB26193003181FB /* Pente GoTests */ = {
			isa = PBXFileSystemSynchronizedRootGroup;
			path = "Pente GoTests";
			sourceTree = "<group>";
		};
		44C4FE4B2DB26193003181FB /* Pente GoUITests */ = {
			isa = PBXFileSystemSynchronizedRootGroup;
			path = "Pente GoUITests";
			sourceTree = "<group>";
		};
		44E9125C2DC07333004E3F3F /* Screenshots */ = {
			isa = PBXFileSystemSynchronizedRootGroup;
			path = Screenshots;
			sourceTree = "<group>";
		};
/* End PBXFileSystemSynchronizedRootGroup section */

/* Begin PBXFrameworksBuildPhase section */
		44C4FE202DB26192003181FB /* Frameworks */ = {
			isa = PBXFrameworksBuildPhase;
			buildActionMask = 2147483647;
			files = (
				9A38C37592891528D4038F12 /* Pods_Pente_Go.framework in Frameworks */,
			);
			runOnlyForDeploymentPostprocessing = 0;
		};
		44C4FE3B2DB26193003181FB /* Frameworks */ = {
			isa = PBXFrameworksBuildPhase;
			buildActionMask = 2147483647;
			files = (
				1B5737FF1FB7B56786A64ECF /* Pods_Pente_GoTests.framework in Frameworks */,
			);
			runOnlyForDeploymentPostprocessing = 0;
		};
		44C4FE452DB26193003181FB /* Frameworks */ = {
			isa = PBXFrameworksBuildPhase;
			buildActionMask = 2147483647;
			files = (
				C979FFA03AACB0CCADA3B8E6 /* Pods_Pente_Go_Pente_GoUITests.framework in Frameworks */,
			);
			runOnlyForDeploymentPostprocessing = 0;
		};
/* End PBXFrameworksBuildPhase section */

/* Begin PBXGroup section */
		18060AD42DC08126006013B9 /* Controller */ = {
			isa = PBXGroup;
			children = (
				18060ACC2DC08126006013B9 /* PGBoardController.h */,
				18060ACD2DC08126006013B9 /* PGBoardController.m */,
				18060ACE2DC08126006013B9 /* PGHostListController.h */,
				18060ACF2DC08126006013B9 /* PGHostListController.m */,
				18060AD02DC08126006013B9 /* PGMenuController.h */,
				18060AD12DC08126006013B9 /* PGMenuController.m */,
				18060AD22DC08126006013B9 /* PGSettingsViewController.h */,
				18060AD32DC08126006013B9 /* PGSettingsViewController.m */,
			);
			path = Controller;
			sourceTree = "<group>";
		};
		18060AE12DC08126006013B9 /* Model */ = {
			isa = PBXGroup;
			children = (
				18060AD52DC08126006013B9 /* PGBoard.h */,
				18060AD62DC08126006013B9 /* PGBoard.m */,
				18060AD72DC08126006013B9 /* PGGreedyAI.h */,
				18060AD82DC08126006013B9 /* PGGreedyAI.m */,
				18060AD92DC08126006013B9 /* PGMinimaxAI.h */,
				18060ADA2DC08126006013B9 /* PGMinimaxAI.m */,
				18060ADB2DC08126006013B9 /* PGMove.h */,
				18060ADC2DC08126006013B9 /* PGMove.m */,
				18060ADD2DC08126006013B9 /* PGPacket.h */,
				18060ADE2DC08126006013B9 /* PGPacket.m */,
				18060ADF2DC08126006013B9 /* PGPlayer.h */,
				18060AE02DC08126006013B9 /* PGPlayer.m */,
			);
			path = Model;
			sourceTree = "<group>";
		};
		18060AE42DC08126006013B9 /* View */ = {
			isa = PBXGroup;
			children = (
				18060AE22DC08126006013B9 /* PGBoardView.h */,
				18060AE32DC08126006013B9 /* PGBoardView.m */,
			);
			path = View;
			sourceTree = "<group>";
		};
		18060AF42DC08126006013B9 /* Pente Go */ = {
			isa = PBXGroup;
			children = (
				18060AE52DC08126006013B9 /* AppDelegate.h */,
				18060AE62DC08126006013B9 /* AppDelegate.m */,
				18060AF22DC08126006013B9 /* SceneDelegate.h */,
				18060AF32DC08126006013B9 /* SceneDelegate.m */,
				18060AED2DC08126006013B9 /* LoginViewController.h */,
				18060AEE2DC08126006013B9 /* LoginViewController.m */,
				18060AD42DC08126006013B9 /* Controller */,
				18060AE12DC08126006013B9 /* Model */,
				18060AE42DC08126006013B9 /* View */,
				18060B0C2DC0812D006013B9 /* Resource */,
				18060AE72DC08126006013B9 /* Assets.xcassets */,
				18060AE82DC08126006013B9 /* IconViewController.h */,
				18060AE92DC08126006013B9 /* IconViewController.m */,
				18060AEA2DC08126006013B9 /* Info.plist */,
				18060AEC2DC08126006013B9 /* LaunchScreen.storyboard */,
				18060AEF2DC08126006013B9 /* main.m */,
				18060AF12DC08126006013B9 /* Main.storyboard */,
			);
			path = "Pente Go";
			sourceTree = "<group>";
		};
		18060B0B2DC0812D006013B9 /* Sound */ = {
			isa = PBXGroup;
			children = (
				18060B092DC0812D006013B9 /* move.wav */,
				18060B0A2DC0812D006013B9 /* music.mp3 */,
			);
			path = Sound;
			sourceTree = "<group>";
		};
		18060B0C2DC0812D006013B9 /* Resource */ = {
			isa = PBXGroup;
			children = (
				18060B0B2DC0812D006013B9 /* Sound */,
			);
			path = Resource;
			sourceTree = "<group>";
		};
		44C4FE1A2DB26192003181FB = {
			isa = PBXGroup;
			children = (
				44E9125C2DC07333004E3F3F /* Screenshots */,
				18060AF42DC08126006013B9 /* Pente Go */,
				44C4FE412DB26193003181FB /* Pente GoTests */,
				44C4FE4B2DB26193003181FB /* Pente GoUITests */,
				44C4FE242DB26192003181FB /* Products */,
				E79168058530B1DB3E9A0B35 /* Pods */,
				F0A14313CE7DAC916C825AE9 /* Frameworks */,
			);
			sourceTree = "<group>";
		};
		44C4FE242DB26192003181FB /* Products */ = {
			isa = PBXGroup;
			children = (
				44C4FE232DB26192003181FB /* Pente Go.app */,
				44C4FE3E2DB26193003181FB /* Pente GoTests.xctest */,
				44C4FE482DB26193003181FB /* Pente GoUITests.xctest */,
			);
			name = Products;
			sourceTree = "<group>";
		};
		E79168058530B1DB3E9A0B35 /* Pods */ = {
			isa = PBXGroup;
			children = (
				9AB3D20ACE40673B7E7DE768 /* Pods-Pente Go.debug.xcconfig */,
				1CE6B7AB3FF36AA04FE35430 /* Pods-Pente Go.release.xcconfig */,
				3151E98F1193E189847E693F /* Pods-Pente Go-Pente GoUITests.debug.xcconfig */,
				35B8F1CFABE5A9CA19E9CA07 /* Pods-Pente Go-Pente GoUITests.release.xcconfig */,
				783218D35B936B94B6F134D7 /* Pods-Pente GoTests.debug.xcconfig */,
				0D0B576EB48BE46E82B28D7A /* Pods-Pente GoTests.release.xcconfig */,
			);
			path = Pods;
			sourceTree = "<group>";
		};
		F0A14313CE7DAC916C825AE9 /* Frameworks */ = {
			isa = PBXGroup;
			children = (
				7D9C42BBBDE97D26F03D92E4 /* Pods_Pente_Go.framework */,
				B3D9970F54A95D1EE1CA8BEC /* Pods_Pente_Go_Pente_GoUITests.framework */,
				AB82DA98F9F99589975182C5 /* Pods_Pente_GoTests.framework */,
			);
			name = Frameworks;
			sourceTree = "<group>";
		};
/* End PBXGroup section */

/* Begin PBXNativeTarget section */
		44C4FE222DB26192003181FB /* Pente Go */ = {
			isa = PBXNativeTarget;
			buildConfigurationList = 44C4FE512DB26193003181FB /* Build configuration list for PBXNativeTarget "Pente Go" */;
			buildPhases = (
				82956AC10A19AAA8F7C3E989 /* [CP] Check Pods Manifest.lock */,
				44C4FE1F2DB26192003181FB /* Sources */,
				44C4FE202DB26192003181FB /* Frameworks */,
				44C4FE212DB26192003181FB /* Resources */,
				D22ACEE6B4E413A5CDD7C4B1 /* [CP] Embed Pods Frameworks */,
			);
			buildRules = (
			);
			dependencies = (
			);
			fileSystemSynchronizedGroups = (
				44E9125C2DC07333004E3F3F /* Screenshots */,
			);
			name = "Pente Go";
			productName = "Pente Go";
			productReference = 44C4FE232DB26192003181FB /* Pente Go.app */;
			productType = "com.apple.product-type.application";
		};
		44C4FE3D2DB26193003181FB /* Pente GoTests */ = {
			isa = PBXNativeTarget;
			buildConfigurationList = 44C4FE562DB26193003181FB /* Build configuration list for PBXNativeTarget "Pente GoTests" */;
			buildPhases = (
				55D6CC751FEA4AF0BD85AE25 /* [CP] Check Pods Manifest.lock */,
				44C4FE3A2DB26193003181FB /* Sources */,
				44C4FE3B2DB26193003181FB /* Frameworks */,
				44C4FE3C2DB26193003181FB /* Resources */,
			);
			buildRules = (
			);
			dependencies = (
				44C4FE402DB26193003181FB /* PBXTargetDependency */,
			);
			fileSystemSynchronizedGroups = (
				44C4FE412DB26193003181FB /* Pente GoTests */,
			);
			name = "Pente GoTests";
			productName = "Pente GoTests";
			productReference = 44C4FE3E2DB26193003181FB /* Pente GoTests.xctest */;
			productType = "com.apple.product-type.bundle.unit-test";
		};
		44C4FE472DB26193003181FB /* Pente GoUITests */ = {
			isa = PBXNativeTarget;
			buildConfigurationList = 44C4FE592DB26193003181FB /* Build configuration list for PBXNativeTarget "Pente GoUITests" */;
			buildPhases = (
				B5E4001D4C8B32E023961D00 /* [CP] Check Pods Manifest.lock */,
				44C4FE442DB26193003181FB /* Sources */,
				44C4FE452DB26193003181FB /* Frameworks */,
				44C4FE462DB26193003181FB /* Resources */,
				C90E96ECCD220F5E193FCF5B /* [CP] Embed Pods Frameworks */,
			);
			buildRules = (
			);
			dependencies = (
				44C4FE4A2DB26193003181FB /* PBXTargetDependency */,
			);
			fileSystemSynchronizedGroups = (
				44C4FE4B2DB26193003181FB /* Pente GoUITests */,
			);
			name = "Pente GoUITests";
			productName = "Pente GoUITests";
			productReference = 44C4FE482DB26193003181FB /* Pente GoUITests.xctest */;
			productType = "com.apple.product-type.bundle.ui-testing";
		};
/* End PBXNativeTarget section */

/* Begin PBXProject section */
		44C4FE1B2DB26192003181FB /* Project object */ = {
			isa = PBXProject;
			attributes = {
				BuildIndependentTargetsInParallel = 1;
				LastUpgradeCheck = 1620;
				TargetAttributes = {
					44C4FE222DB26192003181FB = {
						CreatedOnToolsVersion = 16.2;
					};
					44C4FE3D2DB26193003181FB = {
						CreatedOnToolsVersion = 16.2;
						TestTargetID = 44C4FE222DB26192003181FB;
					};
					44C4FE472DB26193003181FB = {
						CreatedOnToolsVersion = 16.2;
						TestTargetID = 44C4FE222DB26192003181FB;
					};
				};
			};
			buildConfigurationList = 44C4FE1E2DB26192003181FB /* Build configuration list for PBXProject "Pente Go" */;
			developmentRegion = en;
			hasScannedForEncodings = 0;
			knownRegions = (
				en,
				Base,
			);
			mainGroup = 44C4FE1A2DB26192003181FB;
			minimizedProjectReferenceProxies = 1;
			preferredProjectObjectVersion = 77;
			productRefGroup = 44C4FE242DB26192003181FB /* Products */;
			projectDirPath = "";
			projectRoot = "";
			targets = (
				44C4FE222DB26192003181FB /* Pente Go */,
				44C4FE3D2DB26193003181FB /* Pente GoTests */,
				44C4FE472DB26193003181FB /* Pente GoUITests */,
			);
		};
/* End PBXProject section */

/* Begin PBXResourcesBuildPhase section */
		44C4FE212DB26192003181FB /* Resources */ = {
			isa = PBXResourcesBuildPhase;
			buildActionMask = 2147483647;
			files = (
				18060B052DC08126006013B9 /* Assets.xcassets in Resources */,
				18060B072DC08126006013B9 /* LaunchScreen.storyboard in Resources */,
				18060B082DC08126006013B9 /* Main.storyboard in Resources */,
				18060B0D2DC0812D006013B9 /* music.mp3 in Resources */,
				18060B0E2DC0812D006013B9 /* move.wav in Resources */,
			);
			runOnlyForDeploymentPostprocessing = 0;
		};
		44C4FE3C2DB26193003181FB /* Resources */ = {
			isa = PBXResourcesBuildPhase;
			buildActionMask = 2147483647;
			files = (
			);
			runOnlyForDeploymentPostprocessing = 0;
		};
		44C4FE462DB26193003181FB /* Resources */ = {
			isa = PBXResourcesBuildPhase;
			buildActionMask = 2147483647;
			files = (
			);
			runOnlyForDeploymentPostprocessing = 0;
		};
/* End PBXResourcesBuildPhase section */

/* Begin PBXShellScriptBuildPhase section */
		55D6CC751FEA4AF0BD85AE25 /* [CP] Check Pods Manifest.lock */ = {
			isa = PBXShellScriptBuildPhase;
			buildActionMask = 2147483647;
			files = (
			);
			inputFileListPaths = (
			);
			inputPaths = (
				"${PODS_PODFILE_DIR_PATH}/Podfile.lock",
				"${PODS_ROOT}/Manifest.lock",
			);
			name = "[CP] Check Pods Manifest.lock";
			outputFileListPaths = (
			);
			outputPaths = (
				"$(DERIVED_FILE_DIR)/Pods-Pente GoTests-checkManifestLockResult.txt",
			);
			runOnlyForDeploymentPostprocessing = 0;
			shellPath = /bin/sh;
			shellScript = "diff \"${PODS_PODFILE_DIR_PATH}/Podfile.lock\" \"${PODS_ROOT}/Manifest.lock\" > /dev/null\nif [ $? != 0 ] ; then\n    # print error to STDERR\n    echo \"error: The sandbox is not in sync with the Podfile.lock. Run 'pod install' or update your CocoaPods installation.\" >&2\n    exit 1\nfi\n# This output is used by Xcode 'outputs' to avoid re-running this script phase.\necho \"SUCCESS\" > \"${SCRIPT_OUTPUT_FILE_0}\"\n";
			showEnvVarsInLog = 0;
		};
		82956AC10A19AAA8F7C3E989 /* [CP] Check Pods Manifest.lock */ = {
			isa = PBXShellScriptBuildPhase;
			buildActionMask = 2147483647;
			files = (
			);
			inputFileListPaths = (
			);
			inputPaths = (
				"${PODS_PODFILE_DIR_PATH}/Podfile.lock",
				"${PODS_ROOT}/Manifest.lock",
			);
			name = "[CP] Check Pods Manifest.lock";
			outputFileListPaths = (
			);
			outputPaths = (
				"$(DERIVED_FILE_DIR)/Pods-Pente Go-checkManifestLockResult.txt",
			);
			runOnlyForDeploymentPostprocessing = 0;
			shellPath = /bin/sh;
			shellScript = "diff \"${PODS_PODFILE_DIR_PATH}/Podfile.lock\" \"${PODS_ROOT}/Manifest.lock\" > /dev/null\nif [ $? != 0 ] ; then\n    # print error to STDERR\n    echo \"error: The sandbox is not in sync with the Podfile.lock. Run 'pod install' or update your CocoaPods installation.\" >&2\n    exit 1\nfi\n# This output is used by Xcode 'outputs' to avoid re-running this script phase.\necho \"SUCCESS\" > \"${SCRIPT_OUTPUT_FILE_0}\"\n";
			showEnvVarsInLog = 0;
		};
		B5E4001D4C8B32E023961D00 /* [CP] Check Pods Manifest.lock */ = {
			isa = PBXShellScriptBuildPhase;
			buildActionMask = 2147483647;
			files = (
			);
			inputFileListPaths = (
			);
			inputPaths = (
				"${PODS_PODFILE_DIR_PATH}/Podfile.lock",
				"${PODS_ROOT}/Manifest.lock",
			);
			name = "[CP] Check Pods Manifest.lock";
			outputFileListPaths = (
			);
			outputPaths = (
				"$(DERIVED_FILE_DIR)/Pods-Pente Go-Pente GoUITests-checkManifestLockResult.txt",
			);
			runOnlyForDeploymentPostprocessing = 0;
			shellPath = /bin/sh;
			shellScript = "diff \"${PODS_PODFILE_DIR_PATH}/Podfile.lock\" \"${PODS_ROOT}/Manifest.lock\" > /dev/null\nif [ $? != 0 ] ; then\n    # print error to STDERR\n    echo \"error: The sandbox is not in sync with the Podfile.lock. Run 'pod install' or update your CocoaPods installation.\" >&2\n    exit 1\nfi\n# This output is used by Xcode 'outputs' to avoid re-running this script phase.\necho \"SUCCESS\" > \"${SCRIPT_OUTPUT_FILE_0}\"\n";
			showEnvVarsInLog = 0;
		};
		C90E96ECCD220F5E193FCF5B /* [CP] Embed Pods Frameworks */ = {
			isa = PBXShellScriptBuildPhase;
			buildActionMask = 2147483647;
			files = (
			);
			inputFileListPaths = (
				"${PODS_ROOT}/Target Support Files/Pods-Pente Go-Pente GoUITests/Pods-Pente Go-Pente GoUITests-frameworks-${CONFIGURATION}-input-files.xcfilelist",
			);
			name = "[CP] Embed Pods Frameworks";
			outputFileListPaths = (
				"${PODS_ROOT}/Target Support Files/Pods-Pente Go-Pente GoUITests/Pods-Pente Go-Pente GoUITests-frameworks-${CONFIGURATION}-output-files.xcfilelist",
			);
			runOnlyForDeploymentPostprocessing = 0;
			shellPath = /bin/sh;
			shellScript = "\"${PODS_ROOT}/Target Support Files/Pods-Pente Go-Pente GoUITests/Pods-Pente Go-Pente GoUITests-frameworks.sh\"\n";
			showEnvVarsInLog = 0;
		};
		D22ACEE6B4E413A5CDD7C4B1 /* [CP] Embed Pods Frameworks */ = {
			isa = PBXShellScriptBuildPhase;
			buildActionMask = 2147483647;
			files = (
			);
			inputFileListPaths = (
				"${PODS_ROOT}/Target Support Files/Pods-Pente Go/Pods-Pente Go-frameworks-${CONFIGURATION}-input-files.xcfilelist",
			);
			name = "[CP] Embed Pods Frameworks";
			outputFileListPaths = (
				"${PODS_ROOT}/Target Support Files/Pods-Pente Go/Pods-Pente Go-frameworks-${CONFIGURATION}-output-files.xcfilelist",
			);
			runOnlyForDeploymentPostprocessing = 0;
			shellPath = /bin/sh;
			shellScript = "\"${PODS_ROOT}/Target Support Files/Pods-Pente Go/Pods-Pente Go-frameworks.sh\"\n";
			showEnvVarsInLog = 0;
		};
/* End PBXShellScriptBuildPhase section */

/* Begin PBXSourcesBuildPhase section */
		44C4FE1F2DB26192003181FB /* Sources */ = {
			isa = PBXSourcesBuildPhase;
			buildActionMask = 2147483647;
			files = (
				18060AF52DC08126006013B9 /* PGBoardController.m in Sources */,
				18060AF62DC08126006013B9 /* PGHostListController.m in Sources */,
				18060AF72DC08126006013B9 /* PGMenuController.m in Sources */,
				18060AF82DC08126006013B9 /* PGSettingsViewController.m in Sources */,
				18060AF92DC08126006013B9 /* PGBoard.m in Sources */,
				18060AFA2DC08126006013B9 /* PGGreedyAI.m in Sources */,
				18060AFB2DC08126006013B9 /* PGMinimaxAI.m in Sources */,
				18060AFC2DC08126006013B9 /* PGMove.m in Sources */,
				18060AFD2DC08126006013B9 /* PGPacket.m in Sources */,
				18060AFE2DC08126006013B9 /* PGPlayer.m in Sources */,
				18060AFF2DC08126006013B9 /* PGBoardView.m in Sources */,
				18060B002DC08126006013B9 /* AppDelegate.m in Sources */,
				18060B012DC08126006013B9 /* IconViewController.m in Sources */,
				18060B022DC08126006013B9 /* LoginViewController.m in Sources */,
				18060B032DC08126006013B9 /* main.m in Sources */,
				18060B042DC08126006013B9 /* SceneDelegate.m in Sources */,
			);
			runOnlyForDeploymentPostprocessing = 0;
		};
		44C4FE3A2DB26193003181FB /* Sources */ = {
			isa = PBXSourcesBuildPhase;
			buildActionMask = 2147483647;
			files = (
			);
			runOnlyForDeploymentPostprocessing = 0;
		};
		44C4FE442DB26193003181FB /* Sources */ = {
			isa = PBXSourcesBuildPhase;
			buildActionMask = 2147483647;
			files = (
			);
			runOnlyForDeploymentPostprocessing = 0;
		};
/* End PBXSourcesBuildPhase section */

/* Begin PBXTargetDependency section */
		44C4FE402DB26193003181FB /* PBXTargetDependency */ = {
			isa = PBXTargetDependency;
			target = 44C4FE222DB26192003181FB /* Pente Go */;
			targetProxy = 44C4FE3F2DB26193003181FB /* PBXContainerItemProxy */;
		};
		44C4FE4A2DB26193003181FB /* PBXTargetDependency */ = {
			isa = PBXTargetDependency;
			target = 44C4FE222DB26192003181FB /* Pente Go */;
			targetProxy = 44C4FE492DB26193003181FB /* PBXContainerItemProxy */;
		};
/* End PBXTargetDependency section */

/* Begin PBXVariantGroup section */
		18060AEC2DC08126006013B9 /* LaunchScreen.storyboard */ = {
			isa = PBXVariantGroup;
			children = (
				18060AEB2DC08126006013B9 /* Base */,
			);
			name = LaunchScreen.storyboard;
			sourceTree = "<group>";
		};
		18060AF12DC08126006013B9 /* Main.storyboard */ = {
			isa = PBXVariantGroup;
			children = (
				18060AF02DC08126006013B9 /* Base */,
			);
			name = Main.storyboard;
			sourceTree = "<group>";
		};
/* End PBXVariantGroup section */

/* Begin XCBuildConfiguration section */
		44C4FE522DB26193003181FB /* Debug */ = {
			isa = XCBuildConfiguration;
			baseConfigurationReference = 9AB3D20ACE40673B7E7DE768 /* Pods-Pente Go.debug.xcconfig */;
			buildSettings = {
				ASSETCATALOG_COMPILER_APPICON_NAME = AppIcon;
				ASSETCATALOG_COMPILER_GLOBAL_ACCENT_COLOR_NAME = AccentColor;
				CODE_SIGN_STYLE = Automatic;
				CURRENT_PROJECT_VERSION = 1;
				DEVELOPMENT_TEAM = HCY3FBKKC7;
				GENERATE_INFOPLIST_FILE = YES;
				INFOPLIST_FILE = "Pente Go/Info.plist";
				INFOPLIST_KEY_UIApplicationSupportsIndirectInputEvents = YES;
				INFOPLIST_KEY_UILaunchStoryboardName = LaunchScreen;
				INFOPLIST_KEY_UIMainStoryboardFile = Main;
				INFOPLIST_KEY_UISupportedInterfaceOrientations_iPad = "UIInterfaceOrientationPortrait UIInterfaceOrientationPortraitUpsideDown UIInterfaceOrientationLandscapeLeft UIInterfaceOrientationLandscapeRight";
				INFOPLIST_KEY_UISupportedInterfaceOrientations_iPhone = "UIInterfaceOrientationPortrait UIInterfaceOrientationLandscapeLeft UIInterfaceOrientationLandscapeRight";
				IPHONEOS_DEPLOYMENT_TARGET = 18.0;
				LD_RUNPATH_SEARCH_PATHS = (
					"$(inherited)",
					"@executable_path/Frameworks",
				);
				MARKETING_VERSION = 1.0;
				PRODUCT_BUNDLE_IDENTIFIER = com.demo.xiaoyu;
				PRODUCT_NAME = "$(TARGET_NAME)";
				SWIFT_EMIT_LOC_STRINGS = YES;
				TARGETED_DEVICE_FAMILY = "1,2";
			};
			name = Debug;
		};
		44C4FE532DB26193003181FB /* Release */ = {
			isa = XCBuildConfiguration;
			baseConfigurationReference = 1CE6B7AB3FF36AA04FE35430 /* Pods-Pente Go.release.xcconfig */;
			buildSettings = {
				ASSETCATALOG_COMPILER_APPICON_NAME = AppIcon;
				ASSETCATALOG_COMPILER_GLOBAL_ACCENT_COLOR_NAME = AccentColor;
				CODE_SIGN_STYLE = Automatic;
				CURRENT_PROJECT_VERSION = 1;
				DEVELOPMENT_TEAM = HCY3FBKKC7;
				GENERATE_INFOPLIST_FILE = YES;
				INFOPLIST_FILE = "Pente Go/Info.plist";
				INFOPLIST_KEY_UIApplicationSupportsIndirectInputEvents = YES;
				INFOPLIST_KEY_UILaunchStoryboardName = LaunchScreen;
				INFOPLIST_KEY_UIMainStoryboardFile = Main;
				INFOPLIST_KEY_UISupportedInterfaceOrientations_iPad = "UIInterfaceOrientationPortrait UIInterfaceOrientationPortraitUpsideDown UIInterfaceOrientationLandscapeLeft UIInterfaceOrientationLandscapeRight";
				INFOPLIST_KEY_UISupportedInterfaceOrientations_iPhone = "UIInterfaceOrientationPortrait UIInterfaceOrientationLandscapeLeft UIInterfaceOrientationLandscapeRight";
				IPHONEOS_DEPLOYMENT_TARGET = 18.0;
				LD_RUNPATH_SEARCH_PATHS = (
					"$(inherited)",
					"@executable_path/Frameworks",
				);
				MARKETING_VERSION = 1.0;
				PRODUCT_BUNDLE_IDENTIFIER = com.demo.xiaoyu;
				PRODUCT_NAME = "$(TARGET_NAME)";
				SWIFT_EMIT_LOC_STRINGS = YES;
				TARGETED_DEVICE_FAMILY = "1,2";
			};
			name = Release;
		};
		44C4FE542DB26193003181FB /* Debug */ = {
			isa = XCBuildConfiguration;
			buildSettings = {
				ALWAYS_SEARCH_USER_PATHS = NO;
				ASSETCATALOG_COMPILER_GENERATE_SWIFT_ASSET_SYMBOL_EXTENSIONS = YES;
				CLANG_ANALYZER_NONNULL = YES;
				CLANG_ANALYZER_NUMBER_OBJECT_CONVERSION = YES_AGGRESSIVE;
				CLANG_CXX_LANGUAGE_STANDARD = "gnu++20";
				CLANG_ENABLE_MODULES = YES;
				CLANG_ENABLE_OBJC_ARC = YES;
				CLANG_ENABLE_OBJC_WEAK = YES;
				CLANG_WARN_BLOCK_CAPTURE_AUTORELEASING = YES;
				CLANG_WARN_BOOL_CONVERSION = YES;
				CLANG_WARN_COMMA = YES;
				CLANG_WARN_CONSTANT_CONVERSION = YES;
				CLANG_WARN_DEPRECATED_OBJC_IMPLEMENTATIONS = YES;
				CLANG_WARN_DIRECT_OBJC_ISA_USAGE = YES_ERROR;
				CLANG_WARN_DOCUMENTATION_COMMENTS = YES;
				CLANG_WARN_EMPTY_BODY = YES;
				CLANG_WARN_ENUM_CONVERSION = YES;
				CLANG_WARN_INFINITE_RECURSION = YES;
				CLANG_WARN_INT_CONVERSION = YES;
				CLANG_WARN_NON_LITERAL_NULL_CONVERSION = YES;
				CLANG_WARN_OBJC_IMPLICIT_RETAIN_SELF = YES;
				CLANG_WARN_OBJC_LITERAL_CONVERSION = YES;
				CLANG_WARN_OBJC_ROOT_CLASS = YES_ERROR;
				CLANG_WARN_QUOTED_INCLUDE_IN_FRAMEWORK_HEADER = YES;
				CLANG_WARN_RANGE_LOOP_ANALYSIS = YES;
				CLANG_WARN_STRICT_PROTOTYPES = YES;
				CLANG_WARN_SUSPICIOUS_MOVE = YES;
				CLANG_WARN_UNGUARDED_AVAILABILITY = YES_AGGRESSIVE;
				CLANG_WARN_UNREACHABLE_CODE = YES;
				CLANG_WARN__DUPLICATE_METHOD_MATCH = YES;
				COPY_PHASE_STRIP = NO;
				DEBUG_INFORMATION_FORMAT = dwarf;
				ENABLE_STRICT_OBJC_MSGSEND = YES;
				ENABLE_TESTABILITY = YES;
				ENABLE_USER_SCRIPT_SANDBOXING = NO;
				GCC_C_LANGUAGE_STANDARD = gnu17;
				GCC_DYNAMIC_NO_PIC = NO;
				GCC_NO_COMMON_BLOCKS = YES;
				GCC_OPTIMIZATION_LEVEL = 0;
				GCC_PREPROCESSOR_DEFINITIONS = (
					"DEBUG=1",
					"$(inherited)",
				);
				GCC_WARN_64_TO_32_BIT_CONVERSION = YES;
				GCC_WARN_ABOUT_RETURN_TYPE = YES_ERROR;
				GCC_WARN_UNDECLARED_SELECTOR = YES;
				GCC_WARN_UNINITIALIZED_AUTOS = YES_AGGRESSIVE;
				GCC_WARN_UNUSED_FUNCTION = YES;
				GCC_WARN_UNUSED_VARIABLE = YES;
				IPHONEOS_DEPLOYMENT_TARGET = 18.2;
				LOCALIZATION_PREFERS_STRING_CATALOGS = YES;
				MTL_ENABLE_DEBUG_INFO = INCLUDE_SOURCE;
				MTL_FAST_MATH = YES;
				ONLY_ACTIVE_ARCH = YES;
				SDKROOT = iphoneos;
			};
			name = Debug;
		};
		44C4FE552DB26193003181FB /* Release */ = {
			isa = XCBuildConfiguration;
			buildSettings = {
				ALWAYS_SEARCH_USER_PATHS = NO;
				ASSETCATALOG_COMPILER_GENERATE_SWIFT_ASSET_SYMBOL_EXTENSIONS = YES;
				CLANG_ANALYZER_NONNULL = YES;
				CLANG_ANALYZER_NUMBER_OBJECT_CONVERSION = YES_AGGRESSIVE;
				CLANG_CXX_LANGUAGE_STANDARD = "gnu++20";
				CLANG_ENABLE_MODULES = YES;
				CLANG_ENABLE_OBJC_ARC = YES;
				CLANG_ENABLE_OBJC_WEAK = YES;
				CLANG_WARN_BLOCK_CAPTURE_AUTORELEASING = YES;
				CLANG_WARN_BOOL_CONVERSION = YES;
				CLANG_WARN_COMMA = YES;
				CLANG_WARN_CONSTANT_CONVERSION = YES;
				CLANG_WARN_DEPRECATED_OBJC_IMPLEMENTATIONS = YES;
				CLANG_WARN_DIRECT_OBJC_ISA_USAGE = YES_ERROR;
				CLANG_WARN_DOCUMENTATION_COMMENTS = YES;
				CLANG_WARN_EMPTY_BODY = YES;
				CLANG_WARN_ENUM_CONVERSION = YES;
				CLANG_WARN_INFINITE_RECURSION = YES;
				CLANG_WARN_INT_CONVERSION = YES;
				CLANG_WARN_NON_LITERAL_NULL_CONVERSION = YES;
				CLANG_WARN_OBJC_IMPLICIT_RETAIN_SELF = YES;
				CLANG_WARN_OBJC_LITERAL_CONVERSION = YES;
				CLANG_WARN_OBJC_ROOT_CLASS = YES_ERROR;
				CLANG_WARN_QUOTED_INCLUDE_IN_FRAMEWORK_HEADER = YES;
				CLANG_WARN_RANGE_LOOP_ANALYSIS = YES;
				CLANG_WARN_STRICT_PROTOTYPES = YES;
				CLANG_WARN_SUSPICIOUS_MOVE = YES;
				CLANG_WARN_UNGUARDED_AVAILABILITY = YES_AGGRESSIVE;
				CLANG_WARN_UNREACHABLE_CODE = YES;
				CLANG_WARN__DUPLICATE_METHOD_MATCH = YES;
				COPY_PHASE_STRIP = NO;
				DEBUG_INFORMATION_FORMAT = "dwarf-with-dsym";
				ENABLE_NS_ASSERTIONS = NO;
				ENABLE_STRICT_OBJC_MSGSEND = YES;
				ENABLE_USER_SCRIPT_SANDBOXING = NO;
				GCC_C_LANGUAGE_STANDARD = gnu17;
				GCC_NO_COMMON_BLOCKS = YES;
				GCC_WARN_64_TO_32_BIT_CONVERSION = YES;
				GCC_WARN_ABOUT_RETURN_TYPE = YES_ERROR;
				GCC_WARN_UNDECLARED_SELECTOR = YES;
				GCC_WARN_UNINITIALIZED_AUTOS = YES_AGGRESSIVE;
				GCC_WARN_UNUSED_FUNCTION = YES;
				GCC_WARN_UNUSED_VARIABLE = YES;
				IPHONEOS_DEPLOYMENT_TARGET = 18.2;
				LOCALIZATION_PREFERS_STRING_CATALOGS = YES;
				MTL_ENABLE_DEBUG_INFO = NO;
				MTL_FAST_MATH = YES;
				SDKROOT = iphoneos;
				VALIDATE_PRODUCT = YES;
			};
			name = Release;
		};
		44C4FE572DB26193003181FB /* Debug */ = {
			isa = XCBuildConfiguration;
			baseConfigurationReference = 783218D35B936B94B6F134D7 /* Pods-Pente GoTests.debug.xcconfig */;
			buildSettings = {
				BUNDLE_LOADER = "$(TEST_HOST)";
				CODE_SIGN_STYLE = Automatic;
				CURRENT_PROJECT_VERSION = 1;
				GENERATE_INFOPLIST_FILE = YES;
				IPHONEOS_DEPLOYMENT_TARGET = 18.2;
				MARKETING_VERSION = 1.0;
				PRODUCT_BUNDLE_IDENTIFIER = "-.Pente-GoTests";
				PRODUCT_NAME = "$(TARGET_NAME)";
				SWIFT_EMIT_LOC_STRINGS = NO;
				TARGETED_DEVICE_FAMILY = "1,2";
				TEST_HOST = "$(BUILT_PRODUCTS_DIR)/Pente Go.app/$(BUNDLE_EXECUTABLE_FOLDER_PATH)/Pente Go";
			};
			name = Debug;
		};
		44C4FE582DB26193003181FB /* Release */ = {
			isa = XCBuildConfiguration;
			baseConfigurationReference = 0D0B576EB48BE46E82B28D7A /* Pods-Pente GoTests.release.xcconfig */;
			buildSettings = {
				BUNDLE_LOADER = "$(TEST_HOST)";
				CODE_SIGN_STYLE = Automatic;
				CURRENT_PROJECT_VERSION = 1;
				GENERATE_INFOPLIST_FILE = YES;
				IPHONEOS_DEPLOYMENT_TARGET = 18.2;
				MARKETING_VERSION = 1.0;
				PRODUCT_BUNDLE_IDENTIFIER = "-.Pente-GoTests";
				PRODUCT_NAME = "$(TARGET_NAME)";
				SWIFT_EMIT_LOC_STRINGS = NO;
				TARGETED_DEVICE_FAMILY = "1,2";
				TEST_HOST = "$(BUILT_PRODUCTS_DIR)/Pente Go.app/$(BUNDLE_EXECUTABLE_FOLDER_PATH)/Pente Go";
			};
			name = Release;
		};
		44C4FE5A2DB26193003181FB /* Debug */ = {
			isa = XCBuildConfiguration;
			baseConfigurationReference = 3151E98F1193E189847E693F /* Pods-Pente Go-Pente GoUITests.debug.xcconfig */;
			buildSettings = {
				CODE_SIGN_STYLE = Automatic;
				CURRENT_PROJECT_VERSION = 1;
				GENERATE_INFOPLIST_FILE = YES;
				MARKETING_VERSION = 1.0;
				PRODUCT_BUNDLE_IDENTIFIER = "-.Pente-GoUITests";
				PRODUCT_NAME = "$(TARGET_NAME)";
				SWIFT_EMIT_LOC_STRINGS = NO;
				TARGETED_DEVICE_FAMILY = "1,2";
				TEST_TARGET_NAME = "Pente Go";
			};
			name = Debug;
		};
		44C4FE5B2DB26193003181FB /* Release */ = {
			isa = XCBuildConfiguration;
			baseConfigurationReference = 35B8F1CFABE5A9CA19E9CA07 /* Pods-Pente Go-Pente GoUITests.release.xcconfig */;
			buildSettings = {
				CODE_SIGN_STYLE = Automatic;
				CURRENT_PROJECT_VERSION = 1;
				GENERATE_INFOPLIST_FILE = YES;
				MARKETING_VERSION = 1.0;
				PRODUCT_BUNDLE_IDENTIFIER = "-.Pente-GoUITests";
				PRODUCT_NAME = "$(TARGET_NAME)";
				SWIFT_EMIT_LOC_STRINGS = NO;
				TARGETED_DEVICE_FAMILY = "1,2";
				TEST_TARGET_NAME = "Pente Go";
			};
			name = Release;
		};
/* End XCBuildConfiguration section */

/* Begin XCConfigurationList section */
		44C4FE1E2DB26192003181FB /* Build configuration list for PBXProject "Pente Go" */ = {
			isa = XCConfigurationList;
			buildConfigurations = (
				44C4FE542DB26193003181FB /* Debug */,
				44C4FE552DB26193003181FB /* Release */,
			);
			defaultConfigurationIsVisible = 0;
			defaultConfigurationName = Release;
		};
		44C4FE512DB26193003181FB /* Build configuration list for PBXNativeTarget "Pente Go" */ = {
			isa = XCConfigurationList;
			buildConfigurations = (
				44C4FE522DB26193003181FB /* Debug */,
				44C4FE532DB26193003181FB /* Release */,
			);
			defaultConfigurationIsVisible = 0;
			defaultConfigurationName = Release;
		};
		44C4FE562DB26193003181FB /* Build configuration list for PBXNativeTarget "Pente GoTests" */ = {
			isa = XCConfigurationList;
			buildConfigurations = (
				44C4FE572DB26193003181FB /* Debug */,
				44C4FE582DB26193003181FB /* Release */,
			);
			defaultConfigurationIsVisible = 0;
			defaultConfigurationName = Release;
		};
		44C4FE592DB26193003181FB /* Build configuration list for PBXNativeTarget "Pente GoUITests" */ = {
			isa = XCConfigurationList;
			buildConfigurations = (
				44C4FE5A2DB26193003181FB /* Debug */,
				44C4FE5B2DB26193003181FB /* Release */,
			);
			defaultConfigurationIsVisible = 0;
			defaultConfigurationName = Release;
		};
/* End XCConfigurationList section */
	};
	rootObject = 44C4FE1B2DB26192003181FB /* Project object */;
}
